
Microsoft Visual Studio Solution File, Format Version 12.00
# Visual Studio 15
Project("{2150E333-8FDC-42A3-9474-1A3956D46DE8}") = "CMakePredefinedTargets", "CMakePredefinedTargets", "{BD976FFB-934D-3158-8BAE-C3CB5E96E0DD}"
EndProject
Project("{2150E333-8FDC-42A3-9474-1A3956D46DE8}") = "External", "External", "{EAB0EDB1-503B-37BF-A5C2-5EBDAF3D86D6}"
EndProject
Project("{2150E333-8FDC-42A3-9474-1A3956D46DE8}") = "Internal", "Internal", "{B62CF82A-173D-39D1-AF8C-297B15674C31}"
EndProject
Project("{2150E333-8FDC-42A3-9474-1A3956D46DE8}") = "Utils", "Utils", "{2B326EF7-9F67-3D30-8172-9BA1EC10151E}"
EndProject
Project("{8BC9CEB8-8B4A-11D0-8D11-00A0C91BC942}") = "ALL_BUILD", "ALL_BUILD.vcxproj", "{AAF6ACD5-AE20-3F8B-8508-2616D935882E}"
	ProjectSection(ProjectDependencies) = postProject
		{5517B944-67D1-3EBF-B500-575E68A9CEEE} = {5517B944-67D1-3EBF-B500-575E68A9CEEE}
		{8860FD1D-D666-3DBE-A7C6-4CEF93B7C88E} = {8860FD1D-D666-3DBE-A7C6-4CEF93B7C88E}
		{21C9B0BD-F542-314E-9D78-EBB1C84C72E0} = {21C9B0BD-F542-314E-9D78-EBB1C84C72E0}
		{700F68B8-C1FB-3E05-BCF8-6AACA6C3A646} = {700F68B8-C1FB-3E05-BCF8-6AACA6C3A646}
		{2EEC56AD-CA87-3735-A441-9742A2D9BBB1} = {2EEC56AD-CA87-3735-A441-9742A2D9BBB1}
		{4A62864F-8AC2-3818-B152-F51102356E9D} = {4A62864F-8AC2-3818-B152-F51102356E9D}
		{20D6B141-8F22-3021-B532-F36B4D484A75} = {20D6B141-8F22-3021-B532-F36B4D484A75}
		{AEBFA479-7D4D-3694-AB99-59F790E80779} = {AEBFA479-7D4D-3694-AB99-59F790E80779}
		{4FAA7638-3ACB-3DCD-9B36-D8D02541E7A2} = {4FAA7638-3ACB-3DCD-9B36-D8D02541E7A2}
		{CD7F55AF-9EDC-35B9-BACC-4545C60FF9E7} = {CD7F55AF-9EDC-35B9-BACC-4545C60FF9E7}
		{A477E691-39BC-3D95-968F-F521D24B560E} = {A477E691-39BC-3D95-968F-F521D24B560E}
		{A871ED04-D983-334F-A3B6-0FC9C569EB33} = {A871ED04-D983-334F-A3B6-0FC9C569EB33}
		{1C8E7907-1471-357D-AB03-CC558A8DB6B5} = {1C8E7907-1471-357D-AB03-CC558A8DB6B5}
		{926651BE-6A93-314B-B89C-A073A12E1E1B} = {926651BE-6A93-314B-B89C-A073A12E1E1B}
		{69F6A492-A0E7-3208-8C08-2AD36F7EFB9C} = {69F6A492-A0E7-3208-8C08-2AD36F7EFB9C}
	EndProjectSection
EndProject
Project("{8BC9CEB8-8B4A-11D0-8D11-00A0C91BC942}") = "GalagaClone", "GalagaClone.vcxproj", "{5517B944-67D1-3EBF-B500-575E68A9CEEE}"
	ProjectSection(ProjectDependencies) = postProject
		{8860FD1D-D666-3DBE-A7C6-4CEF93B7C88E} = {8860FD1D-D666-3DBE-A7C6-4CEF93B7C88E}
		{21C9B0BD-F542-314E-9D78-EBB1C84C72E0} = {21C9B0BD-F542-314E-9D78-EBB1C84C72E0}
		{700F68B8-C1FB-3E05-BCF8-6AACA6C3A646} = {700F68B8-C1FB-3E05-BCF8-6AACA6C3A646}
		{2EEC56AD-CA87-3735-A441-9742A2D9BBB1} = {2EEC56AD-CA87-3735-A441-9742A2D9BBB1}
		{4A62864F-8AC2-3818-B152-F51102356E9D} = {4A62864F-8AC2-3818-B152-F51102356E9D}
		{20D6B141-8F22-3021-B532-F36B4D484A75} = {20D6B141-8F22-3021-B532-F36B4D484A75}
		{AEBFA479-7D4D-3694-AB99-59F790E80779} = {AEBFA479-7D4D-3694-AB99-59F790E80779}
		{4FAA7638-3ACB-3DCD-9B36-D8D02541E7A2} = {4FAA7638-3ACB-3DCD-9B36-D8D02541E7A2}
		{CD7F55AF-9EDC-35B9-BACC-4545C60FF9E7} = {CD7F55AF-9EDC-35B9-BACC-4545C60FF9E7}
		{A477E691-39BC-3D95-968F-F521D24B560E} = {A477E691-39BC-3D95-968F-F521D24B560E}
		{A871ED04-D983-334F-A3B6-0FC9C569EB33} = {A871ED04-D983-334F-A3B6-0FC9C569EB33}
		{1C8E7907-1471-357D-AB03-CC558A8DB6B5} = {1C8E7907-1471-357D-AB03-CC558A8DB6B5}
		{926651BE-6A93-314B-B89C-A073A12E1E1B} = {926651BE-6A93-314B-B89C-A073A12E1E1B}
		{69F6A492-A0E7-3208-8C08-2AD36F7EFB9C} = {69F6A492-A0E7-3208-8C08-2AD36F7EFB9C}
	EndProjectSection
EndProject
Project("{8BC9CEB8-8B4A-11D0-8D11-00A0C91BC942}") = "SYNC_RESOURCE-GalagaClone", "SYNC_RESOURCE-GalagaClone.vcxproj", "{8860FD1D-D666-3DBE-A7C6-4CEF93B7C88E}"
	ProjectSection(ProjectDependencies) = postProject
		{21C9B0BD-F542-314E-9D78-EBB1C84C72E0} = {21C9B0BD-F542-314E-9D78-EBB1C84C72E0}
	EndProjectSection
EndProject
Project("{8BC9CEB8-8B4A-11D0-8D11-00A0C91BC942}") = "ZERO_CHECK", "ZERO_CHECK.vcxproj", "{21C9B0BD-F542-314E-9D78-EBB1C84C72E0}"
	ProjectSection(ProjectDependencies) = postProject
	EndProjectSection
EndProject
Project("{8BC9CEB8-8B4A-11D0-8D11-00A0C91BC942}") = "cocos2d", "engine\cocos\core\cocos2d.vcxproj", "{700F68B8-C1FB-3E05-BCF8-6AACA6C3A646}"
	ProjectSection(ProjectDependencies) = postProject
		{21C9B0BD-F542-314E-9D78-EBB1C84C72E0} = {21C9B0BD-F542-314E-9D78-EBB1C84C72E0}
		{2EEC56AD-CA87-3735-A441-9742A2D9BBB1} = {2EEC56AD-CA87-3735-A441-9742A2D9BBB1}
		{4A62864F-8AC2-3818-B152-F51102356E9D} = {4A62864F-8AC2-3818-B152-F51102356E9D}
		{20D6B141-8F22-3021-B532-F36B4D484A75} = {20D6B141-8F22-3021-B532-F36B4D484A75}
		{AEBFA479-7D4D-3694-AB99-59F790E80779} = {AEBFA479-7D4D-3694-AB99-59F790E80779}
		{4FAA7638-3ACB-3DCD-9B36-D8D02541E7A2} = {4FAA7638-3ACB-3DCD-9B36-D8D02541E7A2}
		{CD7F55AF-9EDC-35B9-BACC-4545C60FF9E7} = {CD7F55AF-9EDC-35B9-BACC-4545C60FF9E7}
		{A477E691-39BC-3D95-968F-F521D24B560E} = {A477E691-39BC-3D95-968F-F521D24B560E}
		{A871ED04-D983-334F-A3B6-0FC9C569EB33} = {A871ED04-D983-334F-A3B6-0FC9C569EB33}
		{1C8E7907-1471-357D-AB03-CC558A8DB6B5} = {1C8E7907-1471-357D-AB03-CC558A8DB6B5}
		{926651BE-6A93-314B-B89C-A073A12E1E1B} = {926651BE-6A93-314B-B89C-A073A12E1E1B}
		{69F6A492-A0E7-3208-8C08-2AD36F7EFB9C} = {69F6A492-A0E7-3208-8C08-2AD36F7EFB9C}
	EndProjectSection
EndProject
Project("{8BC9CEB8-8B4A-11D0-8D11-00A0C91BC942}") = "ext_clipper", "engine\external\clipper\ext_clipper.vcxproj", "{2EEC56AD-CA87-3735-A441-9742A2D9BBB1}"
	ProjectSection(ProjectDependencies) = postProject
		{21C9B0BD-F542-314E-9D78-EBB1C84C72E0} = {21C9B0BD-F542-314E-9D78-EBB1C84C72E0}
	EndProjectSection
EndProject
Project("{8BC9CEB8-8B4A-11D0-8D11-00A0C91BC942}") = "ext_convertUTF", "engine\external\ConvertUTF\ext_convertUTF.vcxproj", "{4A62864F-8AC2-3818-B152-F51102356E9D}"
	ProjectSection(ProjectDependencies) = postProject
		{21C9B0BD-F542-314E-9D78-EBB1C84C72E0} = {21C9B0BD-F542-314E-9D78-EBB1C84C72E0}
	EndProjectSection
EndProject
Project("{8BC9CEB8-8B4A-11D0-8D11-00A0C91BC942}") = "ext_edtaa3func", "engine\external\edtaa3func\ext_edtaa3func.vcxproj", "{20D6B141-8F22-3021-B532-F36B4D484A75}"
	ProjectSection(ProjectDependencies) = postProject
		{21C9B0BD-F542-314E-9D78-EBB1C84C72E0} = {21C9B0BD-F542-314E-9D78-EBB1C84C72E0}
	EndProjectSection
EndProject
Project("{8BC9CEB8-8B4A-11D0-8D11-00A0C91BC942}") = "ext_md5", "engine\external\md5\ext_md5.vcxproj", "{AEBFA479-7D4D-3694-AB99-59F790E80779}"
	ProjectSection(ProjectDependencies) = postProject
		{21C9B0BD-F542-314E-9D78-EBB1C84C72E0} = {21C9B0BD-F542-314E-9D78-EBB1C84C72E0}
	EndProjectSection
EndProject
Project("{8BC9CEB8-8B4A-11D0-8D11-00A0C91BC942}") = "ext_poly2tri", "engine\external\poly2tri\ext_poly2tri.vcxproj", "{4FAA7638-3ACB-3DCD-9B36-D8D02541E7A2}"
	ProjectSection(ProjectDependencies) = postProject
		{21C9B0BD-F542-314E-9D78-EBB1C84C72E0} = {21C9B0BD-F542-314E-9D78-EBB1C84C72E0}
	EndProjectSection
EndProject
Project("{8BC9CEB8-8B4A-11D0-8D11-00A0C91BC942}") = "ext_recast", "engine\external\recast\ext_recast.vcxproj", "{CD7F55AF-9EDC-35B9-BACC-4545C60FF9E7}"
	ProjectSection(ProjectDependencies) = postProject
		{21C9B0BD-F542-314E-9D78-EBB1C84C72E0} = {21C9B0BD-F542-314E-9D78-EBB1C84C72E0}
	EndProjectSection
EndProject
Project("{8BC9CEB8-8B4A-11D0-8D11-00A0C91BC942}") = "ext_tinyxml2", "engine\external\tinyxml2\ext_tinyxml2.vcxproj", "{A477E691-39BC-3D95-968F-F521D24B560E}"
	ProjectSection(ProjectDependencies) = postProject
		{21C9B0BD-F542-314E-9D78-EBB1C84C72E0} = {21C9B0BD-F542-314E-9D78-EBB1C84C72E0}
	EndProjectSection
EndProject
Project("{8BC9CEB8-8B4A-11D0-8D11-00A0C91BC942}") = "ext_unzip", "engine\external\unzip\ext_unzip.vcxproj", "{A871ED04-D983-334F-A3B6-0FC9C569EB33}"
	ProjectSection(ProjectDependencies) = postProject
		{21C9B0BD-F542-314E-9D78-EBB1C84C72E0} = {21C9B0BD-F542-314E-9D78-EBB1C84C72E0}
	EndProjectSection
EndProject
Project("{8BC9CEB8-8B4A-11D0-8D11-00A0C91BC942}") = "ext_xxhash", "engine\external\xxhash\ext_xxhash.vcxproj", "{1C8E7907-1471-357D-AB03-CC558A8DB6B5}"
	ProjectSection(ProjectDependencies) = postProject
		{21C9B0BD-F542-314E-9D78-EBB1C84C72E0} = {21C9B0BD-F542-314E-9D78-EBB1C84C72E0}
	EndProjectSection
EndProject
Project("{8BC9CEB8-8B4A-11D0-8D11-00A0C91BC942}") = "ext_xxtea", "engine\external\xxtea\ext_xxtea.vcxproj", "{926651BE-6A93-314B-B89C-A073A12E1E1B}"
	ProjectSection(ProjectDependencies) = postProject
		{21C9B0BD-F542-314E-9D78-EBB1C84C72E0} = {21C9B0BD-F542-314E-9D78-EBB1C84C72E0}
	EndProjectSection
EndProject
Project("{8BC9CEB8-8B4A-11D0-8D11-00A0C91BC942}") = "external", "engine\external\external.vcxproj", "{69F6A492-A0E7-3208-8C08-2AD36F7EFB9C}"
	ProjectSection(ProjectDependencies) = postProject
		{21C9B0BD-F542-314E-9D78-EBB1C84C72E0} = {21C9B0BD-F542-314E-9D78-EBB1C84C72E0}
		{2EEC56AD-CA87-3735-A441-9742A2D9BBB1} = {2EEC56AD-CA87-3735-A441-9742A2D9BBB1}
		{4A62864F-8AC2-3818-B152-F51102356E9D} = {4A62864F-8AC2-3818-B152-F51102356E9D}
		{20D6B141-8F22-3021-B532-F36B4D484A75} = {20D6B141-8F22-3021-B532-F36B4D484A75}
		{AEBFA479-7D4D-3694-AB99-59F790E80779} = {AEBFA479-7D4D-3694-AB99-59F790E80779}
		{4FAA7638-3ACB-3DCD-9B36-D8D02541E7A2} = {4FAA7638-3ACB-3DCD-9B36-D8D02541E7A2}
		{CD7F55AF-9EDC-35B9-BACC-4545C60FF9E7} = {CD7F55AF-9EDC-35B9-BACC-4545C60FF9E7}
		{A477E691-39BC-3D95-968F-F521D24B560E} = {A477E691-39BC-3D95-968F-F521D24B560E}
		{A871ED04-D983-334F-A3B6-0FC9C569EB33} = {A871ED04-D983-334F-A3B6-0FC9C569EB33}
		{1C8E7907-1471-357D-AB03-CC558A8DB6B5} = {1C8E7907-1471-357D-AB03-CC558A8DB6B5}
		{926651BE-6A93-314B-B89C-A073A12E1E1B} = {926651BE-6A93-314B-B89C-A073A12E1E1B}
	EndProjectSection
EndProject
Global
	GlobalSection(SolutionConfigurationPlatforms) = preSolution
		Debug|Win32 = Debug|Win32
		Release|Win32 = Release|Win32
		MinSizeRel|Win32 = MinSizeRel|Win32
		RelWithDebInfo|Win32 = RelWithDebInfo|Win32
	EndGlobalSection
	GlobalSection(ProjectConfigurationPlatforms) = postSolution
		{AAF6ACD5-AE20-3F8B-8508-2616D935882E}.Debug|Win32.ActiveCfg = Debug|Win32
		{AAF6ACD5-AE20-3F8B-8508-2616D935882E}.Release|Win32.ActiveCfg = Release|Win32
		{AAF6ACD5-AE20-3F8B-8508-2616D935882E}.MinSizeRel|Win32.ActiveCfg = MinSizeRel|Win32
		{AAF6ACD5-AE20-3F8B-8508-2616D935882E}.RelWithDebInfo|Win32.ActiveCfg = RelWithDebInfo|Win32
		{5517B944-67D1-3EBF-B500-575E68A9CEEE}.Debug|Win32.ActiveCfg = Debug|Win32
		{5517B944-67D1-3EBF-B500-575E68A9CEEE}.Debug|Win32.Build.0 = Debug|Win32
		{5517B944-67D1-3EBF-B500-575E68A9CEEE}.Release|Win32.ActiveCfg = Release|Win32
		{5517B944-67D1-3EBF-B500-575E68A9CEEE}.Release|Win32.Build.0 = Release|Win32
		{5517B944-67D1-3EBF-B500-575E68A9CEEE}.MinSizeRel|Win32.ActiveCfg = MinSizeRel|Win32
		{5517B944-67D1-3EBF-B500-575E68A9CEEE}.MinSizeRel|Win32.Build.0 = MinSizeRel|Win32
		{5517B944-67D1-3EBF-B500-575E68A9CEEE}.RelWithDebInfo|Win32.ActiveCfg = RelWithDebInfo|Win32
		{5517B944-67D1-3EBF-B500-575E68A9CEEE}.RelWithDebInfo|Win32.Build.0 = RelWithDebInfo|Win32
		{8860FD1D-D666-3DBE-A7C6-4CEF93B7C88E}.Debug|Win32.ActiveCfg = Debug|Win32
		{8860FD1D-D666-3DBE-A7C6-4CEF93B7C88E}.Debug|Win32.Build.0 = Debug|Win32
		{8860FD1D-D666-3DBE-A7C6-4CEF93B7C88E}.Release|Win32.ActiveCfg = Release|Win32
		{8860FD1D-D666-3DBE-A7C6-4CEF93B7C88E}.Release|Win32.Build.0 = Release|Win32
		{8860FD1D-D666-3DBE-A7C6-4CEF93B7C88E}.MinSizeRel|Win32.ActiveCfg = MinSizeRel|Win32
		{8860FD1D-D666-3DBE-A7C6-4CEF93B7C88E}.MinSizeRel|Win32.Build.0 = MinSizeRel|Win32
		{8860FD1D-D666-3DBE-A7C6-4CEF93B7C88E}.RelWithDebInfo|Win32.ActiveCfg = RelWithDebInfo|Win32
		{8860FD1D-D666-3DBE-A7C6-4CEF93B7C88E}.RelWithDebInfo|Win32.Build.0 = RelWithDebInfo|Win32
		{21C9B0BD-F542-314E-9D78-EBB1C84C72E0}.Debug|Win32.ActiveCfg = Debug|Win32
		{21C9B0BD-F542-314E-9D78-EBB1C84C72E0}.Debug|Win32.Build.0 = Debug|Win32
		{21C9B0BD-F542-314E-9D78-EBB1C84C72E0}.Release|Win32.ActiveCfg = Release|Win32
		{21C9B0BD-F542-314E-9D78-EBB1C84C72E0}.Release|Win32.Build.0 = Release|Win32
		{21C9B0BD-F542-314E-9D78-EBB1C84C72E0}.MinSizeRel|Win32.ActiveCfg = MinSizeRel|Win32
		{21C9B0BD-F542-314E-9D78-EBB1C84C72E0}.MinSizeRel|Win32.Build.0 = MinSizeRel|Win32
		{21C9B0BD-F542-314E-9D78-EBB1C84C72E0}.RelWithDebInfo|Win32.ActiveCfg = RelWithDebInfo|Win32
		{21C9B0BD-F542-314E-9D78-EBB1C84C72E0}.RelWithDebInfo|Win32.Build.0 = RelWithDebInfo|Win32
		{700F68B8-C1FB-3E05-BCF8-6AACA6C3A646}.Debug|Win32.ActiveCfg = Debug|Win32
		{700F68B8-C1FB-3E05-BCF8-6AACA6C3A646}.Debug|Win32.Build.0 = Debug|Win32
		{700F68B8-C1FB-3E05-BCF8-6AACA6C3A646}.Release|Win32.ActiveCfg = Release|Win32
		{700F68B8-C1FB-3E05-BCF8-6AACA6C3A646}.Release|Win32.Build.0 = Release|Win32
		{700F68B8-C1FB-3E05-BCF8-6AACA6C3A646}.MinSizeRel|Win32.ActiveCfg = MinSizeRel|Win32
		{700F68B8-C1FB-3E05-BCF8-6AACA6C3A646}.MinSizeRel|Win32.Build.0 = MinSizeRel|Win32
		{700F68B8-C1FB-3E05-BCF8-6AACA6C3A646}.RelWithDebInfo|Win32.ActiveCfg = RelWithDebInfo|Win32
		{700F68B8-C1FB-3E05-BCF8-6AACA6C3A646}.RelWithDebInfo|Win32.Build.0 = RelWithDebInfo|Win32
		{2EEC56AD-CA87-3735-A441-9742A2D9BBB1}.Debug|Win32.ActiveCfg = Debug|Win32
		{2EEC56AD-CA87-3735-A441-9742A2D9BBB1}.Debug|Win32.Build.0 = Debug|Win32
		{2EEC56AD-CA87-3735-A441-9742A2D9BBB1}.Release|Win32.ActiveCfg = Release|Win32
		{2EEC56AD-CA87-3735-A441-9742A2D9BBB1}.Release|Win32.Build.0 = Release|Win32
		{2EEC56AD-CA87-3735-A441-9742A2D9BBB1}.MinSizeRel|Win32.ActiveCfg = MinSizeRel|Win32
		{2EEC56AD-CA87-3735-A441-9742A2D9BBB1}.MinSizeRel|Win32.Build.0 = MinSizeRel|Win32
		{2EEC56AD-CA87-3735-A441-9742A2D9BBB1}.RelWithDebInfo|Win32.ActiveCfg = RelWithDebInfo|Win32
		{2EEC56AD-CA87-3735-A441-9742A2D9BBB1}.RelWithDebInfo|Win32.Build.0 = RelWithDebInfo|Win32
		{4A62864F-8AC2-3818-B152-F51102356E9D}.Debug|Win32.ActiveCfg = Debug|Win32
		{4A62864F-8AC2-3818-B152-F51102356E9D}.Debug|Win32.Build.0 = Debug|Win32
		{4A62864F-8AC2-3818-B152-F51102356E9D}.Release|Win32.ActiveCfg = Release|Win32
		{4A62864F-8AC2-3818-B152-F51102356E9D}.Release|Win32.Build.0 = Release|Win32
		{4A62864F-8AC2-3818-B152-F51102356E9D}.MinSizeRel|Win32.ActiveCfg = MinSizeRel|Win32
		{4A62864F-8AC2-3818-B152-F51102356E9D}.MinSizeRel|Win32.Build.0 = MinSizeRel|Win32
		{4A62864F-8AC2-3818-B152-F51102356E9D}.RelWithDebInfo|Win32.ActiveCfg = RelWithDebInfo|Win32
		{4A62864F-8AC2-3818-B152-F51102356E9D}.RelWithDebInfo|Win32.Build.0 = RelWithDebInfo|Win32
		{20D6B141-8F22-3021-B532-F36B4D484A75}.Debug|Win32.ActiveCfg = Debug|Win32
		{20D6B141-8F22-3021-B532-F36B4D484A75}.Debug|Win32.Build.0 = Debug|Win32
		{20D6B141-8F22-3021-B532-F36B4D484A75}.Release|Win32.ActiveCfg = Release|Win32
		{20D6B141-8F22-3021-B532-F36B4D484A75}.Release|Win32.Build.0 = Release|Win32
		{20D6B141-8F22-3021-B532-F36B4D484A75}.MinSizeRel|Win32.ActiveCfg = MinSizeRel|Win32
		{20D6B141-8F22-3021-B532-F36B4D484A75}.MinSizeRel|Win32.Build.0 = MinSizeRel|Win32
		{20D6B141-8F22-3021-B532-F36B4D484A75}.RelWithDebInfo|Win32.ActiveCfg = RelWithDebInfo|Win32
		{20D6B141-8F22-3021-B532-F36B4D484A75}.RelWithDebInfo|Win32.Build.0 = RelWithDebInfo|Win32
		{AEBFA479-7D4D-3694-AB99-59F790E80779}.Debug|Win32.ActiveCfg = Debug|Win32
		{AEBFA479-7D4D-3694-AB99-59F790E80779}.Debug|Win32.Build.0 = Debug|Win32
		{AEBFA479-7D4D-3694-AB99-59F790E80779}.Release|Win32.ActiveCfg = Release|Win32
		{AEBFA479-7D4D-3694-AB99-59F790E80779}.Release|Win32.Build.0 = Release|Win32
		{AEBFA479-7D4D-3694-AB99-59F790E80779}.MinSizeRel|Win32.ActiveCfg = MinSizeRel|Win32
		{AEBFA479-7D4D-3694-AB99-59F790E80779}.MinSizeRel|Win32.Build.0 = MinSizeRel|Win32
		{AEBFA479-7D4D-3694-AB99-59F790E80779}.RelWithDebInfo|Win32.ActiveCfg = RelWithDebInfo|Win32
		{AEBFA479-7D4D-3694-AB99-59F790E80779}.RelWithDebInfo|Win32.Build.0 = RelWithDebInfo|Win32
		{4FAA7638-3ACB-3DCD-9B36-D8D02541E7A2}.Debug|Win32.ActiveCfg = Debug|Win32
		{4FAA7638-3ACB-3DCD-9B36-D8D02541E7A2}.Debug|Win32.Build.0 = Debug|Win32
		{4FAA7638-3ACB-3DCD-9B36-D8D02541E7A2}.Release|Win32.ActiveCfg = Release|Win32
		{4FAA7638-3ACB-3DCD-9B36-D8D02541E7A2}.Release|Win32.Build.0 = Release|Win32
		{4FAA7638-3ACB-3DCD-9B36-D8D02541E7A2}.MinSizeRel|Win32.ActiveCfg = MinSizeRel|Win32
		{4FAA7638-3ACB-3DCD-9B36-D8D02541E7A2}.MinSizeRel|Win32.Build.0 = MinSizeRel|Win32
		{4FAA7638-3ACB-3DCD-9B36-D8D02541E7A2}.RelWithDebInfo|Win32.ActiveCfg = RelWithDebInfo|Win32
		{4FAA7638-3ACB-3DCD-9B36-D8D02541E7A2}.RelWithDebInfo|Win32.Build.0 = RelWithDebInfo|Win32
		{CD7F55AF-9EDC-35B9-BACC-4545C60FF9E7}.Debug|Win32.ActiveCfg = Debug|Win32
		{CD7F55AF-9EDC-35B9-BACC-4545C60FF9E7}.Debug|Win32.Build.0 = Debug|Win32
		{CD7F55AF-9EDC-35B9-BACC-4545C60FF9E7}.Release|Win32.ActiveCfg = Release|Win32
		{CD7F55AF-9EDC-35B9-BACC-4545C60FF9E7}.Release|Win32.Build.0 = Release|Win32
		{CD7F55AF-9EDC-35B9-BACC-4545C60FF9E7}.MinSizeRel|Win32.ActiveCfg = MinSizeRel|Win32
		{CD7F55AF-9EDC-35B9-BACC-4545C60FF9E7}.MinSizeRel|Win32.Build.0 = MinSizeRel|Win32
		{CD7F55AF-9EDC-35B9-BACC-4545C60FF9E7}.RelWithDebInfo|Win32.ActiveCfg = RelWithDebInfo|Win32
		{CD7F55AF-9EDC-35B9-BACC-4545C60FF9E7}.RelWithDebInfo|Win32.Build.0 = RelWithDebInfo|Win32
		{A477E691-39BC-3D95-968F-F521D24B560E}.Debug|Win32.ActiveCfg = Debug|Win32
		{A477E691-39BC-3D95-968F-F521D24B560E}.Debug|Win32.Build.0 = Debug|Win32
		{A477E691-39BC-3D95-968F-F521D24B560E}.Release|Win32.ActiveCfg = Release|Win32
		{A477E691-39BC-3D95-968F-F521D24B560E}.Release|Win32.Build.0 = Release|Win32
		{A477E691-39BC-3D95-968F-F521D24B560E}.MinSizeRel|Win32.ActiveCfg = MinSizeRel|Win32
		{A477E691-39BC-3D95-968F-F521D24B560E}.MinSizeRel|Win32.Build.0 = MinSizeRel|Win32
		{A477E691-39BC-3D95-968F-F521D24B560E}.RelWithDebInfo|Win32.ActiveCfg = RelWithDebInfo|Win32
		{A477E691-39BC-3D95-968F-F521D24B560E}.RelWithDebInfo|Win32.Build.0 = RelWithDebInfo|Win32
		{A871ED04-D983-334F-A3B6-0FC9C569EB33}.Debug|Win32.ActiveCfg = Debug|Win32
		{A871ED04-D983-334F-A3B6-0FC9C569EB33}.Debug|Win32.Build.0 = Debug|Win32
		{A871ED04-D983-334F-A3B6-0FC9C569EB33}.Release|Win32.ActiveCfg = Release|Win32
		{A871ED04-D983-334F-A3B6-0FC9C569EB33}.Release|Win32.Build.0 = Release|Win32
		{A871ED04-D983-334F-A3B6-0FC9C569EB33}.MinSizeRel|Win32.ActiveCfg = MinSizeRel|Win32
		{A871ED04-D983-334F-A3B6-0FC9C569EB33}.MinSizeRel|Win32.Build.0 = MinSizeRel|Win32
		{A871ED04-D983-334F-A3B6-0FC9C569EB33}.RelWithDebInfo|Win32.ActiveCfg = RelWithDebInfo|Win32
		{A871ED04-D983-334F-A3B6-0FC9C569EB33}.RelWithDebInfo|Win32.Build.0 = RelWithDebInfo|Win32
		{1C8E7907-1471-357D-AB03-CC558A8DB6B5}.Debug|Win32.ActiveCfg = Debug|Win32
		{1C8E7907-1471-357D-AB03-CC558A8DB6B5}.Debug|Win32.Build.0 = Debug|Win32
		{1C8E7907-1471-357D-AB03-CC558A8DB6B5}.Release|Win32.ActiveCfg = Release|Win32
		{1C8E7907-1471-357D-AB03-CC558A8DB6B5}.Release|Win32.Build.0 = Release|Win32
		{1C8E7907-1471-357D-AB03-CC558A8DB6B5}.MinSizeRel|Win32.ActiveCfg = MinSizeRel|Win32
		{1C8E7907-1471-357D-AB03-CC558A8DB6B5}.MinSizeRel|Win32.Build.0 = MinSizeRel|Win32
		{1C8E7907-1471-357D-AB03-CC558A8DB6B5}.RelWithDebInfo|Win32.ActiveCfg = RelWithDebInfo|Win32
		{1C8E7907-1471-357D-AB03-CC558A8DB6B5}.RelWithDebInfo|Win32.Build.0 = RelWithDebInfo|Win32
		{926651BE-6A93-314B-B89C-A073A12E1E1B}.Debug|Win32.ActiveCfg = Debug|Win32
		{926651BE-6A93-314B-B89C-A073A12E1E1B}.Debug|Win32.Build.0 = Debug|Win32
		{926651BE-6A93-314B-B89C-A073A12E1E1B}.Release|Win32.ActiveCfg = Release|Win32
		{926651BE-6A93-314B-B89C-A073A12E1E1B}.Release|Win32.Build.0 = Release|Win32
		{926651BE-6A93-314B-B89C-A073A12E1E1B}.MinSizeRel|Win32.ActiveCfg = MinSizeRel|Win32
		{926651BE-6A93-314B-B89C-A073A12E1E1B}.MinSizeRel|Win32.Build.0 = MinSizeRel|Win32
		{926651BE-6A93-314B-B89C-A073A12E1E1B}.RelWithDebInfo|Win32.ActiveCfg = RelWithDebInfo|Win32
		{926651BE-6A93-314B-B89C-A073A12E1E1B}.RelWithDebInfo|Win32.Build.0 = RelWithDebInfo|Win32
		{69F6A492-A0E7-3208-8C08-2AD36F7EFB9C}.Debug|Win32.ActiveCfg = Debug|Win32
		{69F6A492-A0E7-3208-8C08-2AD36F7EFB9C}.Debug|Win32.Build.0 = Debug|Win32
		{69F6A492-A0E7-3208-8C08-2AD36F7EFB9C}.Release|Win32.ActiveCfg = Release|Win32
		{69F6A492-A0E7-3208-8C08-2AD36F7EFB9C}.Release|Win32.Build.0 = Release|Win32
		{69F6A492-A0E7-3208-8C08-2AD36F7EFB9C}.MinSizeRel|Win32.ActiveCfg = MinSizeRel|Win32
		{69F6A492-A0E7-3208-8C08-2AD36F7EFB9C}.MinSizeRel|Win32.Build.0 = MinSizeRel|Win32
		{69F6A492-A0E7-3208-8C08-2AD36F7EFB9C}.RelWithDebInfo|Win32.ActiveCfg = RelWithDebInfo|Win32
		{69F6A492-A0E7-3208-8C08-2AD36F7EFB9C}.RelWithDebInfo|Win32.Build.0 = RelWithDebInfo|Win32
	EndGlobalSection
	GlobalSection(NestedProjects) = preSolution
		{AAF6ACD5-AE20-3F8B-8508-2616D935882E} = {BD976FFB-934D-3158-8BAE-C3CB5E96E0DD}
		{21C9B0BD-F542-314E-9D78-EBB1C84C72E0} = {BD976FFB-934D-3158-8BAE-C3CB5E96E0DD}
		{2EEC56AD-CA87-3735-A441-9742A2D9BBB1} = {EAB0EDB1-503B-37BF-A5C2-5EBDAF3D86D6}
		{4A62864F-8AC2-3818-B152-F51102356E9D} = {EAB0EDB1-503B-37BF-A5C2-5EBDAF3D86D6}
		{20D6B141-8F22-3021-B532-F36B4D484A75} = {EAB0EDB1-503B-37BF-A5C2-5EBDAF3D86D6}
		{AEBFA479-7D4D-3694-AB99-59F790E80779} = {EAB0EDB1-503B-37BF-A5C2-5EBDAF3D86D6}
		{4FAA7638-3ACB-3DCD-9B36-D8D02541E7A2} = {EAB0EDB1-503B-37BF-A5C2-5EBDAF3D86D6}
		{CD7F55AF-9EDC-35B9-BACC-4545C60FF9E7} = {EAB0EDB1-503B-37BF-A5C2-5EBDAF3D86D6}
		{A477E691-39BC-3D95-968F-F521D24B560E} = {EAB0EDB1-503B-37BF-A5C2-5EBDAF3D86D6}
		{A871ED04-D983-334F-A3B6-0FC9C569EB33} = {EAB0EDB1-503B-37BF-A5C2-5EBDAF3D86D6}
		{1C8E7907-1471-357D-AB03-CC558A8DB6B5} = {EAB0EDB1-503B-37BF-A5C2-5EBDAF3D86D6}
		{926651BE-6A93-314B-B89C-A073A12E1E1B} = {EAB0EDB1-503B-37BF-A5C2-5EBDAF3D86D6}
		{69F6A492-A0E7-3208-8C08-2AD36F7EFB9C} = {EAB0EDB1-503B-37BF-A5C2-5EBDAF3D86D6}
		{700F68B8-C1FB-3E05-BCF8-6AACA6C3A646} = {B62CF82A-173D-39D1-AF8C-297B15674C31}
		{8860FD1D-D666-3DBE-A7C6-4CEF93B7C88E} = {2B326EF7-9F67-3D30-8172-9BA1EC10151E}
	EndGlobalSection
	GlobalSection(ExtensibilityGlobals) = postSolution
		SolutionGuid = {E602D0BF-EC34-380E-B8BA-E2D1C359B9AB}
	EndGlobalSection
	GlobalSection(ExtensibilityAddIns) = postSolution
	EndGlobalSection
EndGlobal
